hash: 51c13526ea591737b78ced72ff2b499c3c1bd0cdc34f1eb43c77a1e0ef98d52a
updated: 2018-05-11T11:20:38.412928+09:00
imports:
- name: github.com/aws/aws-sdk-go
  version: 31a85efbe3bc741eb539d6310c8e66030b7c5cb7
  subpackages:
  - aws
  - aws/awserr
  - aws/awsutil
  - aws/client
  - aws/client/metadata
  - aws/corehandlers
  - aws/credentials
  - aws/credentials/ec2rolecreds
  - aws/credentials/endpointcreds
  - aws/credentials/stscreds
  - aws/defaults
  - aws/ec2metadata
  - aws/endpoints
  - aws/request
  - aws/session
  - aws/signer/v4
  - internal/sdkio
  - internal/sdkrand
  - internal/shareddefaults
  - private/protocol
  - private/protocol/json/jsonutil
  - private/protocol/jsonrpc
  - private/protocol/query
  - private/protocol/query/queryutil
  - private/protocol/rest
  - private/protocol/xml/xmlutil
  - service/elasticache
  - service/elasticache/elasticacheiface
  - service/kms
  - service/kms/kmsiface
  - service/rds
  - service/rds/rdsiface
  - service/secretsmanager
  - service/secretsmanager/secretsmanageriface
  - service/sqs
  - service/sqs/sqsiface
  - service/ssm
  - service/ssm/ssmiface
  - service/sts
- name: github.com/dgrijalva/jwt-go
  version: 06ea1031745cb8b3dab3f6a236daf2b0aa468b7e
- name: github.com/go-ini/ini
  version: bda519ae5f4cbc60d391ff8610711627a08b86ae
- name: github.com/jmespath/go-jmespath
  version: c2b33e8439af944379acbdd9c3a5fe0bc44bd8a5
- name: github.com/labstack/echo
  version: 6d227dfea4d2e52cb76856120b3c17f758139b4e
  subpackages:
  - middleware
- name: github.com/labstack/gommon
  version: 0a22a0df01a7c84944c607e8a6e91cfe421ea7ed
  subpackages:
  - bytes
  - color
  - log
  - random
- name: github.com/mattn/go-colorable
  version: efa589957cd060542a26d2dd7832fd6a6c6c3ade
- name: github.com/mattn/go-isatty
  version: 6ca4dbf54d38eea1a992b3c722a76a5d1c4cb25c
- name: github.com/valyala/bytebufferpool
  version: e746df99fe4a3986f4d4f79e13c1e0117ce9c2f7
- name: github.com/valyala/fasttemplate
  version: dcecefd839c4193db0d35b88ec65b4c12d360ab0
- name: golang.org/x/crypto
  version: 2d027ae1dddd4694d54f7a8b6cbe78dca8720226
  subpackages:
  - acme
  - acme/autocert
- name: golang.org/x/sys
  version: 7dfd1290c7917b7ba22824b9d24954ab3002fe24
  subpackages:
  - unix
testImports: []
