hash: 82d5b9c783c20157aeb4415a2aee9179e6e2c40c3bd57a8e6fd8f6028b11be0c
updated: 2018-04-21T20:54:22.560731+09:00
imports:
- name: github.com/dgrijalva/jwt-go
  version: 06ea1031745cb8b3dab3f6a236daf2b0aa468b7e
- name: github.com/labstack/echo
  version: b338075a0fc6e1a0683dbf03d09b4957a289e26f
  subpackages:
  - middleware
- name: github.com/labstack/gommon
  version: 3bc2d333a4c30531c47051369043bcabd62ff4c0
  subpackages:
  - bytes
  - color
  - log
  - random
- name: github.com/mattn/go-colorable
  version: efa589957cd060542a26d2dd7832fd6a6c6c3ade
- name: github.com/mattn/go-isatty
  version: 6ca4dbf54d38eea1a992b3c722a76a5d1c4cb25c
- name: github.com/valyala/bytebufferpool
  version: e746df99fe4a3986f4d4f79e13c1e0117ce9c2f7
- name: github.com/valyala/fasttemplate
  version: dcecefd839c4193db0d35b88ec65b4c12d360ab0
- name: golang.org/x/crypto
  version: e73bf333ef8920dbb52ad18d4bd38ad9d9bc76d7
  subpackages:
  - acme
  - acme/autocert
- name: golang.org/x/sys
  version: 79b0c6888797020a994db17c8510466c72fe75d9
  subpackages:
  - unix
testImports: []
