hash: 868b5099560a11845a425fe592ec08e8fa2c6f8d2f612c2c46721da3d7af1445
updated: 2018-05-11T11:08:09.435721+09:00
imports:
- name: github.com/dgrijalva/jwt-go
  version: 06ea1031745cb8b3dab3f6a236daf2b0aa468b7e
- name: github.com/labstack/echo
  version: 6d227dfea4d2e52cb76856120b3c17f758139b4e
  subpackages:
  - middleware
- name: github.com/labstack/gommon
  version: 0a22a0df01a7c84944c607e8a6e91cfe421ea7ed
  subpackages:
  - bytes
  - color
  - log
  - random
- name: github.com/mattn/go-colorable
  version: efa589957cd060542a26d2dd7832fd6a6c6c3ade
- name: github.com/mattn/go-isatty
  version: 6ca4dbf54d38eea1a992b3c722a76a5d1c4cb25c
- name: github.com/valyala/bytebufferpool
  version: e746df99fe4a3986f4d4f79e13c1e0117ce9c2f7
- name: github.com/valyala/fasttemplate
  version: dcecefd839c4193db0d35b88ec65b4c12d360ab0
- name: golang.org/x/crypto
  version: 2d027ae1dddd4694d54f7a8b6cbe78dca8720226
  subpackages:
  - acme
  - acme/autocert
- name: golang.org/x/sys
  version: 7dfd1290c7917b7ba22824b9d24954ab3002fe24
  subpackages:
  - unix
testImports: []
